
Microsoft Visual Studio Solution File, Format Version 12.00
# Visual Studio Version 17
VisualStudioVersion = 17.6.33815.320
MinimumVisualStudioVersion = 10.0.40219.1
Project("{FAE04EC0-301F-11D3-BF4B-00C04F79EFBC}") = "Exam17February2024", "Exam17February2024\Exam17February2024.csproj", "{32C656B4-B027-4F2F-A4F0-03A4E152BDE0}"
EndProject
Project("{FAE04EC0-301F-11D3-BF4B-00C04F79EFBC}") = "ChickenSnack", "ChickenSnack\ChickenSnack.csproj", "{6B3C1A11-43F2-42E2-BF1E-2D0D517E0DFE}"
EndProject
Project("{FAE04EC0-301F-11D3-BF4B-00C04F79EFBC}") = "ClearSkies", "ClearSkies\ClearSkies.csproj", "{ACC06492-3497-4E1A-9AB3-0ADEAE86E4B7}"
EndProject
Project("{9A19103F-16F7-4668-BE54-9A1E7A4F7556}") = "SharkTaxonomy", "SharkTaxonomy\SharkTaxonomy.csproj", "{3A747A32-B4D0-4BEA-8004-D5D9E75826B1}"
EndProject
Global
	GlobalSection(SolutionConfigurationPlatforms) = preSolution
		Debug|Any CPU = Debug|Any CPU
		Release|Any CPU = Release|Any CPU
	EndGlobalSection
	GlobalSection(ProjectConfigurationPlatforms) = postSolution
		{32C656B4-B027-4F2F-A4F0-03A4E152BDE0}.Debug|Any CPU.ActiveCfg = Debug|Any CPU
		{32C656B4-B027-4F2F-A4F0-03A4E152BDE0}.Debug|Any CPU.Build.0 = Debug|Any CPU
		{32C656B4-B027-4F2F-A4F0-03A4E152BDE0}.Release|Any CPU.ActiveCfg = Release|Any CPU
		{32C656B4-B027-4F2F-A4F0-03A4E152BDE0}.Release|Any CPU.Build.0 = Release|Any CPU
		{6B3C1A11-43F2-42E2-BF1E-2D0D517E0DFE}.Debug|Any CPU.ActiveCfg = Debug|Any CPU
		{6B3C1A11-43F2-42E2-BF1E-2D0D517E0DFE}.Debug|Any CPU.Build.0 = Debug|Any CPU
		{6B3C1A11-43F2-42E2-BF1E-2D0D517E0DFE}.Release|Any CPU.ActiveCfg = Release|Any CPU
		{6B3C1A11-43F2-42E2-BF1E-2D0D517E0DFE}.Release|Any CPU.Build.0 = Release|Any CPU
		{ACC06492-3497-4E1A-9AB3-0ADEAE86E4B7}.Debug|Any CPU.ActiveCfg = Debug|Any CPU
		{ACC06492-3497-4E1A-9AB3-0ADEAE86E4B7}.Debug|Any CPU.Build.0 = Debug|Any CPU
		{ACC06492-3497-4E1A-9AB3-0ADEAE86E4B7}.Release|Any CPU.ActiveCfg = Release|Any CPU
		{ACC06492-3497-4E1A-9AB3-0ADEAE86E4B7}.Release|Any CPU.Build.0 = Release|Any CPU
		{3A747A32-B4D0-4BEA-8004-D5D9E75826B1}.Debug|Any CPU.ActiveCfg = Debug|Any CPU
		{3A747A32-B4D0-4BEA-8004-D5D9E75826B1}.Debug|Any CPU.Build.0 = Debug|Any CPU
		{3A747A32-B4D0-4BEA-8004-D5D9E75826B1}.Release|Any CPU.ActiveCfg = Release|Any CPU
		{3A747A32-B4D0-4BEA-8004-D5D9E75826B1}.Release|Any CPU.Build.0 = Release|Any CPU
	EndGlobalSection
	GlobalSection(SolutionProperties) = preSolution
		HideSolutionNode = FALSE
	EndGlobalSection
	GlobalSection(ExtensibilityGlobals) = postSolution
		SolutionGuid = {9A876FCC-7A01-4266-98B9-3F61BF28172F}
	EndGlobalSection
EndGlobal
